{
  "lockVersion": 2,
  "digestAlgorithm": "syntax-skill-tree-v1",
  "manifestDigest": "sha256:0420edebdd1564882ffbee27abe7b737279bbe0059a3d686691bdaf2075b6dd6",
  "generatedAt": "2026-08-31T22:09:00.974Z",
  "skills": [
    {
      "id": "a11y-audit",
      "target": "claude-code",
      "path": ".claude/skills/a11y-audit",
      "files": 1,
      "digest": "sha256:5c8c9f52be7eb81e72223b6684df87a818b0df519e9d337cbe3ff01f88060563"
    },
    {
      "id": "brand-guidelines",
      "target": "claude-code",
      "path": ".claude/skills/brand-guidelines",
      "files": 2,
      "digest": "sha256:68455e4b2a3bb55316a1aca989ccebb38491356b4894923205a5203f48f0b493",
      "inventory": [
        {
          "path": "LICENSE.txt",
          "digest": "sha256:377b0307277cbfeaba76db6727348d9b05c659d477a951fe5ba9a4612ad7f242"
        },
        {
          "path": "SKILL.md",
          "digest": "sha256:c79466c42e77520725ae9f87bcdbbdeae9df0542af1bdb5649db8f4ecb227830"
        }
      ]
    },
    {
      "id": "canvas-design",
      "target": "claude-code",
      "path": ".claude/skills/canvas-design",
      "files": 83,
      "digest": "sha256:b48e11ae2b361dda6985f271e8c5d4b080d5865b8d569868d5a90050dcf84509",
      "inventory": [
        {
          "path": "LICENSE.txt",
          "digest": "sha256:377b0307277cbfeaba76db6727348d9b05c659d477a951fe5ba9a4612ad7f242"
        },
        {
          "path": "SKILL.md",
          "digest": "sha256:f16ea0c2d2c8361d82c3c97f0795e3b40350c5f84ca9449c75f03d18f5ae116a"
        },
        {
          "path": "canvas-fonts/ArsenalSC-OFL.txt",
          "digest": "sha256:26fa517d1b41123c50827c51f16ad7701e1c73c847b5cdb2a4cf0fa21c99cc63"
        },
        {
          "path": "canvas-fonts/ArsenalSC-Regular.ttf",
          "digest": "sha256:b5f0b3274d2fbf304ea4b3663b71ea060b659bc1e7bc778462cfb3c1c90e3043"
        },
        {
          "path": "canvas-fonts/BigShoulders-Bold.ttf",
          "digest": "sha256:8c78836bf215eb415f20aca0a116abcb388b13cddd14764f24dc79bbf9882f7a"
        },
        {
          "path": "canvas-fonts/BigShoulders-OFL.txt",
          "digest": "sha256:26c2429b7f79308c0c03775db1027a6d2b0bb7f0d5796563177836e84b5f8236"
        },
        {
          "path": "canvas-fonts/BigShoulders-Regular.ttf",
          "digest": "sha256:a8cac8f946d5382158a371da31f6848cf1003d485508580618df5c3c3eb03f4d"
        },
        {
          "path": "canvas-fonts/Boldonse-OFL.txt",
          "digest": "sha256:d04793c4aff9333d9f2a754874c60dd7abc3eab1eb705a79ff48679c7ebc9a8a"
        },
        {
          "path": "canvas-fonts/Boldonse-Regular.ttf",
          "digest": "sha256:699dfd446a64e7ae14428e1c00424756ac3be94d0cd730e984df01fcac1f9a8b"
        },
        {
          "path": "canvas-fonts/BricolageGrotesque-Bold.ttf",
          "digest": "sha256:00385476779ef8805c38e969af6428053e8be939997f73355b9cb459d62617fb"
        },
        {
          "path": "canvas-fonts/BricolageGrotesque-OFL.txt",
          "digest": "sha256:14fcb37c3781024ca7cb4588245f8dc5911e39d272ffdea538ff3850035f9679"
        },
        {
          "path": "canvas-fonts/BricolageGrotesque-Regular.ttf",
          "digest": "sha256:7c1fbcc78430e1ce39154f55cdd6e52142210caec3eec04a9a097b0b15d0c626"
        },
        {
          "path": "canvas-fonts/CrimsonPro-Bold.ttf",
          "digest": "sha256:d6eae25cc56bcd82fee522ddfda6d62afe3238112aa45cc766e94e59bfb558a8"
        },
        {
          "path": "canvas-fonts/CrimsonPro-Italic.ttf",
          "digest": "sha256:d74f036ca7e9859a15984b141ba24c310e1642ad0c530f1ecbb14b49f3db9625"
        },
        {
          "path": "canvas-fonts/CrimsonPro-OFL.txt",
          "digest": "sha256:23cddf09ac27af39085c24a97e1202c26c2f3ff9b9d9669805ed9c176ec29d44"
        },
        {
          "path": "canvas-fonts/CrimsonPro-Regular.ttf",
          "digest": "sha256:cb30c36d512ca6bf18a9170b443d155748a51c73d00250acfc94e0e92b75bc22"
        },
        {
          "path": "canvas-fonts/DMMono-OFL.txt",
          "digest": "sha256:82bac7b933f91417b7818004842bd6148575905c0b7269789f99d7b0c0eec9cb"
        },
        {
          "path": "canvas-fonts/DMMono-Regular.ttf",
          "digest": "sha256:b022b7bb27c778bb301ee77e6416ee5e06640781c22a30df05eb1c4a1ad8231e"
        },
        {
          "path": "canvas-fonts/EricaOne-OFL.txt",
          "digest": "sha256:37fc68894c4b93f628fbbb12e21092bdcde2f64873d7bf8868bc48bbfc6f9ef5"
        },
        {
          "path": "canvas-fonts/EricaOne-Regular.ttf",
          "digest": "sha256:4ee0026fccb5a5d0fda25cc10078c2a171c204cd1b4d14f3662a6b7defbe7804"
        },
        {
          "path": "canvas-fonts/GeistMono-Bold.ttf",
          "digest": "sha256:408c21c00c271abc170c622282dc66867b5f5f55faa65d97b9fe652ea3986b2f"
        },
        {
          "path": "canvas-fonts/GeistMono-OFL.txt",
          "digest": "sha256:25f4ef94b3a53efbbc1f5f4c108bb3a0961508f6974b1062d26c60cbeede09cd"
        },
        {
          "path": "canvas-fonts/GeistMono-Regular.ttf",
          "digest": "sha256:125c6888d0bf045b7b32a5f9032415c40767d8126105a67a8c3e880151468d48"
        },
        {
          "path": "canvas-fonts/Gloock-OFL.txt",
          "digest": "sha256:875e68ea1503a9105c28ee7d7aaf17f4696c28eec9fa6743df0f3161bf43f6f0"
        },
        {
          "path": "canvas-fonts/Gloock-Regular.ttf",
          "digest": "sha256:ee33b94038dc95eb08c6452e621e4812171b49293c6469ec9618746f5516cc92"
        },
        {
          "path": "canvas-fonts/IBMPlexMono-Bold.ttf",
          "digest": "sha256:9da78c00666982e67aed823741dab3775a54a03ddd1371c8e27a2c227c322cbd"
        },
        {
          "path": "canvas-fonts/IBMPlexMono-OFL.txt",
          "digest": "sha256:7349135c99767bbcad79c1dae924815fac9bed19bb171f4b02fe7049b74bb30b"
        },
        {
          "path": "canvas-fonts/IBMPlexMono-Regular.ttf",
          "digest": "sha256:b3c78582a7b140bacd3ed56ba078a1c24b79b63c03f652640e650c5045bea01f"
        },
        {
          "path": "canvas-fonts/IBMPlexSerif-Bold.ttf",
          "digest": "sha256:0f28ec7cc2cb315734d4f30a4b923a88b7aba3532186e07f4c7e52705c0159e9"
        },
        {
          "path": "canvas-fonts/IBMPlexSerif-BoldItalic.ttf",
          "digest": "sha256:b7e4aee16db0d322c3fc939c7564c62dba3c569d83adf2c09c4df8cccfb32587"
        },
        {
          "path": "canvas-fonts/IBMPlexSerif-Italic.ttf",
          "digest": "sha256:cff0268b447423d31dc3abfcd52da2d65e620e57ce7f8f0cf5e496c51596580f"
        },
        {
          "path": "canvas-fonts/IBMPlexSerif-Regular.ttf",
          "digest": "sha256:17cefefa424476177eaab7d5cafe22d8148b62c38929d655674070f085160e94"
        },
        {
          "path": "canvas-fonts/InstrumentSans-Bold.ttf",
          "digest": "sha256:592fb16d39e088859309a54e7f1bce3ed97c53d9e0e9193246dc033730f3abdf"
        },
        {
          "path": "canvas-fonts/InstrumentSans-BoldItalic.ttf",
          "digest": "sha256:8348d01368e8594c28d1a531e63a5f18d3a818bf186fc09e571015a23773f98a"
        },
        {
          "path": "canvas-fonts/InstrumentSans-Italic.ttf",
          "digest": "sha256:64558661e0e327327ece5a94b6cbf2235867b7cc9a8f8047fedf82eaf1e23b3c"
        },
        {
          "path": "canvas-fonts/InstrumentSans-OFL.txt",
          "digest": "sha256:a79790d899a078b8cdb2170a485446db663d4b11affa2b782a3ec948ad40cd46"
        },
        {
          "path": "canvas-fonts/InstrumentSans-Regular.ttf",
          "digest": "sha256:d8065620c09a15d85ef6d303a920b3cc88ac90eaadbac7b5e5ca17d9891e829d"
        },
        {
          "path": "canvas-fonts/InstrumentSerif-Italic.ttf",
          "digest": "sha256:220a23c038973ec6f3f32ddf3762da1a975305bfbf79356974ec82c252e403db"
        },
        {
          "path": "canvas-fonts/InstrumentSerif-Regular.ttf",
          "digest": "sha256:6cecc78ad04cb835ed010497578616b975001eaffbf77ad3fd9128d29b68f5f0"
        },
        {
          "path": "canvas-fonts/Italiana-OFL.txt",
          "digest": "sha256:2d04b9194403ef976f2e41098ec8c0432ad3e45d070115a527cb08d5a7a8c194"
        },
        {
          "path": "canvas-fonts/Italiana-Regular.ttf",
          "digest": "sha256:9109440092f9b02f7740a769f39fe095e79dd1d89bf5d1a771441b705b8f7523"
        },
        {
          "path": "canvas-fonts/JetBrainsMono-Bold.ttf",
          "digest": "sha256:343ddd452302b1deb32ae1497662e938869caa043ec5f19444e25a583580bd6a"
        },
        {
          "path": "canvas-fonts/JetBrainsMono-OFL.txt",
          "digest": "sha256:f6eb1ae7d7a61029a8392463ee62b484d808f83a8f743764c28642db063e5deb"
        },
        {
          "path": "canvas-fonts/JetBrainsMono-Regular.ttf",
          "digest": "sha256:b08691c197d4735f16ad8494e0bc4e15028851ac088fea1f767919dd17767dd5"
        },
        {
          "path": "canvas-fonts/Jura-Light.ttf",
          "digest": "sha256:a95ac6eb7f79371263ab9f0721e276cad07547a389ef97ac7bf877cc5dc347df"
        },
        {
          "path": "canvas-fonts/Jura-Medium.ttf",
          "digest": "sha256:103c72b7304742497bf099cf50dab3f165e05d6148a8e2497b68ea2d6cb37cb0"
        },
        {
          "path": "canvas-fonts/Jura-OFL.txt",
          "digest": "sha256:2367a1a74e590139e972b504f63e95bc29185dcf9eb1cbe225b86e892e55348e"
        },
        {
          "path": "canvas-fonts/LibreBaskerville-OFL.txt",
          "digest": "sha256:b90c556bc6132e849afcd401b305aeb82bd082c102e99da22681ac52a8cc6653"
        },
        {
          "path": "canvas-fonts/LibreBaskerville-Regular.ttf",
          "digest": "sha256:e1fcc29fc4bce64efbfadad4de7944c65f740d800f9c38b85f84d8dc3eba47fa"
        },
        {
          "path": "canvas-fonts/Lora-Bold.ttf",
          "digest": "sha256:fe3bef7ff7a47295c3ca59ee78919be012b75ff9dfbd1e13a32528db71396ca5"
        },
        {
          "path": "canvas-fonts/Lora-BoldItalic.ttf",
          "digest": "sha256:490e328c46e7da94b486fe9b97c6e0c5687a7436d102c38c2206b5ef172e56f2"
        },
        {
          "path": "canvas-fonts/Lora-Italic.ttf",
          "digest": "sha256:775018dcf782f4c634e933d2976f9102fd5d4ec200b3e52976f76a9d5ecf127a"
        },
        {
          "path": "canvas-fonts/Lora-OFL.txt",
          "digest": "sha256:38c6921f57627673f34215df3178b516c9b26f2a62f5fd846254cbcfbd4ce455"
        },
        {
          "path": "canvas-fonts/Lora-Regular.ttf",
          "digest": "sha256:9c1ab4a81ee5780da7f43bd7f0295975d09527763a54d5c0b7bbee1f8373c8c2"
        },
        {
          "path": "canvas-fonts/NationalPark-Bold.ttf",
          "digest": "sha256:c0776e0a6d14b19bff632d02bc2371f6f490058369ded712646450421b53a951"
        },
        {
          "path": "canvas-fonts/NationalPark-OFL.txt",
          "digest": "sha256:d7156dc4f546ca8eed3ecc29ade9c5747537f14852793ddc212854546fa7760d"
        },
        {
          "path": "canvas-fonts/NationalPark-Regular.ttf",
          "digest": "sha256:25536c2bfb6c6e76220060d32dc6253e43de2b82d97a190c7f9c9bd1a89cc889"
        },
        {
          "path": "canvas-fonts/NothingYouCouldDo-OFL.txt",
          "digest": "sha256:88b4614597995680e7797abcfd8d5862db2a318a55f235cba8ba173af5296878"
        },
        {
          "path": "canvas-fonts/NothingYouCouldDo-Regular.ttf",
          "digest": "sha256:e7eddbc0ad6b129de9e3f43eccbbbfc56d621d6dd9c91f3766596cb096568964"
        },
        {
          "path": "canvas-fonts/Outfit-Bold.ttf",
          "digest": "sha256:26377c8ef1a1206026897e6459aacca5c0e470ee6744a22190b91e1f6e56e028"
        },
        {
          "path": "canvas-fonts/Outfit-OFL.txt",
          "digest": "sha256:ff1f4cd68c2fd634ce583b24cfe2a6c3d2dc63bf0cfa24e403bae69ae9cfd4da"
        },
        {
          "path": "canvas-fonts/Outfit-Regular.ttf",
          "digest": "sha256:dea218b50beb684640506c6e2856261007a16e2881bd0808a3de4de56cee2533"
        },
        {
          "path": "canvas-fonts/PixelifySans-Medium.ttf",
          "digest": "sha256:37f3e7781c2d30f258426d348932feb8fcb4d43e62d8f4a737ebcdd05e8a68f2"
        },
        {
          "path": "canvas-fonts/PixelifySans-OFL.txt",
          "digest": "sha256:a62a1b1156aa0c0266b4cec7c28288a63975a86068e2b9fe83f815f71e6aea9a"
        },
        {
          "path": "canvas-fonts/PoiretOne-OFL.txt",
          "digest": "sha256:95f0284e1130a608f36efbd0a95c2af9afd67f387ae92db4bf624611d68bf591"
        },
        {
          "path": "canvas-fonts/PoiretOne-Regular.ttf",
          "digest": "sha256:da641ebdbb5bc90606282e089b4fcda3ca0e7a40923321b5a8717561e0b33e50"
        },
        {
          "path": "canvas-fonts/RedHatMono-Bold.ttf",
          "digest": "sha256:36779e7118347f914b4d714799e90d9c36b1b8f2713a8de49dbe92364195460b"
        },
        {
          "path": "canvas-fonts/RedHatMono-OFL.txt",
          "digest": "sha256:b125a70b978663cb93544202080bdea1a24d32baf21df0821115f01355d6477e"
        },
        {
          "path": "canvas-fonts/RedHatMono-Regular.ttf",
          "digest": "sha256:852192f55211a95d15ad39112040bbdda8e04c09b450956397700f643bc8fd91"
        },
        {
          "path": "canvas-fonts/Silkscreen-OFL.txt",
          "digest": "sha256:47d658d046059b73fbe873a7bd55eac923c677bcf4550b091ca622f487fb74df"
        },
        {
          "path": "canvas-fonts/Silkscreen-Regular.ttf",
          "digest": "sha256:2500d32b4a49609c79ff342f0e2926692b83f0a30c860cd08f96f6c47d25011d"
        },
        {
          "path": "canvas-fonts/SmoochSans-Medium.ttf",
          "digest": "sha256:2a6f83b93ad220984ca088d01b890bb5ba7c2ac8231595f2d670ac59876aa494"
        },
        {
          "path": "canvas-fonts/SmoochSans-OFL.txt",
          "digest": "sha256:f2387f3029cd95f89c73e03c75180dab07225f6713c413658f3f1b7911bc1817"
        },
        {
          "path": "canvas-fonts/Tektur-Medium.ttf",
          "digest": "sha256:84b99ba0333ddf6bcc5c1c3bcfd9feb009ad1d25544b797ed8f099d0266f3638"
        },
        {
          "path": "canvas-fonts/Tektur-OFL.txt",
          "digest": "sha256:82f275fac036182fd90bc90c07cf7355af3db97dc0ea13884f2dfd8a2188c1c4"
        },
        {
          "path": "canvas-fonts/Tektur-Regular.ttf",
          "digest": "sha256:5bd8bade2af536f1507c7bf7bb97a091f13421ebf7d3a46dd483bae745975da1"
        },
        {
          "path": "canvas-fonts/WorkSans-Bold.ttf",
          "digest": "sha256:658eb7a0716fcf22ee1a2122080e4e60375eb733f76fbb358486ea7f3f055bf6"
        },
        {
          "path": "canvas-fonts/WorkSans-BoldItalic.ttf",
          "digest": "sha256:fa988aa32f5de54f8743f5da2f5cf7646d7f67341f5bc2b954516d40ae035406"
        },
        {
          "path": "canvas-fonts/WorkSans-Italic.ttf",
          "digest": "sha256:b93b475252a1e643a8b3c76c432d62380ece949c6fed645e5d3d966f98b84770"
        },
        {
          "path": "canvas-fonts/WorkSans-OFL.txt",
          "digest": "sha256:2010e5edf5e774796a0e94ab3651ed054321d7145ca0884e5bac12e77ac49992"
        },
        {
          "path": "canvas-fonts/WorkSans-Regular.ttf",
          "digest": "sha256:11e3d00a65ae5427a8f15abd616dbb4f30a91b3d6faea18c4261cc13665cd102"
        },
        {
          "path": "canvas-fonts/YoungSerif-OFL.txt",
          "digest": "sha256:e481645f69291baca3bc0eaa9792fb9d81e509df216149ee5528c70fb8a563de"
        },
        {
          "path": "canvas-fonts/YoungSerif-Regular.ttf",
          "digest": "sha256:cc6bff11de02ca6b62b9fe3941427fad4e987ea265b0640b75df5d231d6ec80c"
        }
      ]
    },
    {
      "id": "canvas-design",
      "target": "codex",
      "path": ".agents/skills/canvas-design",
      "files": 83,
      "digest": "sha256:b48e11ae2b361dda6985f271e8c5d4b080d5865b8d569868d5a90050dcf84509",
      "inventory": [
        {
          "path": "LICENSE.txt",
          "digest": "sha256:377b0307277cbfeaba76db6727348d9b05c659d477a951fe5ba9a4612ad7f242"
        },
        {
          "path": "SKILL.md",
          "digest": "sha256:f16ea0c2d2c8361d82c3c97f0795e3b40350c5f84ca9449c75f03d18f5ae116a"
        },
        {
          "path": "canvas-fonts/ArsenalSC-OFL.txt",
          "digest": "sha256:26fa517d1b41123c50827c51f16ad7701e1c73c847b5cdb2a4cf0fa21c99cc63"
        },
        {
          "path": "canvas-fonts/ArsenalSC-Regular.ttf",
          "digest": "sha256:b5f0b3274d2fbf304ea4b3663b71ea060b659bc1e7bc778462cfb3c1c90e3043"
        },
        {
          "path": "canvas-fonts/BigShoulders-Bold.ttf",
          "digest": "sha256:8c78836bf215eb415f20aca0a116abcb388b13cddd14764f24dc79bbf9882f7a"
        },
        {
          "path": "canvas-fonts/BigShoulders-OFL.txt",
          "digest": "sha256:26c2429b7f79308c0c03775db1027a6d2b0bb7f0d5796563177836e84b5f8236"
        },
        {
          "path": "canvas-fonts/BigShoulders-Regular.ttf",
          "digest": "sha256:a8cac8f946d5382158a371da31f6848cf1003d485508580618df5c3c3eb03f4d"
        },
        {
          "path": "canvas-fonts/Boldonse-OFL.txt",
          "digest": "sha256:d04793c4aff9333d9f2a754874c60dd7abc3eab1eb705a79ff48679c7ebc9a8a"
        },
        {
          "path": "canvas-fonts/Boldonse-Regular.ttf",
          "digest": "sha256:699dfd446a64e7ae14428e1c00424756ac3be94d0cd730e984df01fcac1f9a8b"
        },
        {
          "path": "canvas-fonts/BricolageGrotesque-Bold.ttf",
          "digest": "sha256:00385476779ef8805c38e969af6428053e8be939997f73355b9cb459d62617fb"
        },
        {
          "path": "canvas-fonts/BricolageGrotesque-OFL.txt",
          "digest": "sha256:14fcb37c3781024ca7cb4588245f8dc5911e39d272ffdea538ff3850035f9679"
        },
        {
          "path": "canvas-fonts/BricolageGrotesque-Regular.ttf",
          "digest": "sha256:7c1fbcc78430e1ce39154f55cdd6e52142210caec3eec04a9a097b0b15d0c626"
        },
        {
          "path": "canvas-fonts/CrimsonPro-Bold.ttf",
          "digest": "sha256:d6eae25cc56bcd82fee522ddfda6d62afe3238112aa45cc766e94e59bfb558a8"
        },
        {
          "path": "canvas-fonts/CrimsonPro-Italic.ttf",
          "digest": "sha256:d74f036ca7e9859a15984b141ba24c310e1642ad0c530f1ecbb14b49f3db9625"
        },
        {
          "path": "canvas-fonts/CrimsonPro-OFL.txt",
          "digest": "sha256:23cddf09ac27af39085c24a97e1202c26c2f3ff9b9d9669805ed9c176ec29d44"
        },
        {
          "path": "canvas-fonts/CrimsonPro-Regular.ttf",
          "digest": "sha256:cb30c36d512ca6bf18a9170b443d155748a51c73d00250acfc94e0e92b75bc22"
        },
        {
          "path": "canvas-fonts/DMMono-OFL.txt",
          "digest": "sha256:82bac7b933f91417b7818004842bd6148575905c0b7269789f99d7b0c0eec9cb"
        },
        {
          "path": "canvas-fonts/DMMono-Regular.ttf",
          "digest": "sha256:b022b7bb27c778bb301ee77e6416ee5e06640781c22a30df05eb1c4a1ad8231e"
        },
        {
          "path": "canvas-fonts/EricaOne-OFL.txt",
          "digest": "sha256:37fc68894c4b93f628fbbb12e21092bdcde2f64873d7bf8868bc48bbfc6f9ef5"
        },
        {
          "path": "canvas-fonts/EricaOne-Regular.ttf",
          "digest": "sha256:4ee0026fccb5a5d0fda25cc10078c2a171c204cd1b4d14f3662a6b7defbe7804"
        },
        {
          "path": "canvas-fonts/GeistMono-Bold.ttf",
          "digest": "sha256:408c21c00c271abc170c622282dc66867b5f5f55faa65d97b9fe652ea3986b2f"
        },
        {
          "path": "canvas-fonts/GeistMono-OFL.txt",
          "digest": "sha256:25f4ef94b3a53efbbc1f5f4c108bb3a0961508f6974b1062d26c60cbeede09cd"
        },
        {
          "path": "canvas-fonts/GeistMono-Regular.ttf",
          "digest": "sha256:125c6888d0bf045b7b32a5f9032415c40767d8126105a67a8c3e880151468d48"
        },
        {
          "path": "canvas-fonts/Gloock-OFL.txt",
          "digest": "sha256:875e68ea1503a9105c28ee7d7aaf17f4696c28eec9fa6743df0f3161bf43f6f0"
        },
        {
          "path": "canvas-fonts/Gloock-Regular.ttf",
          "digest": "sha256:ee33b94038dc95eb08c6452e621e4812171b49293c6469ec9618746f5516cc92"
        },
        {
          "path": "canvas-fonts/IBMPlexMono-Bold.ttf",
          "digest": "sha256:9da78c00666982e67aed823741dab3775a54a03ddd1371c8e27a2c227c322cbd"
        },
        {
          "path": "canvas-fonts/IBMPlexMono-OFL.txt",
          "digest": "sha256:7349135c99767bbcad79c1dae924815fac9bed19bb171f4b02fe7049b74bb30b"
        },
        {
          "path": "canvas-fonts/IBMPlexMono-Regular.ttf",
          "digest": "sha256:b3c78582a7b140bacd3ed56ba078a1c24b79b63c03f652640e650c5045bea01f"
        },
        {
          "path": "canvas-fonts/IBMPlexSerif-Bold.ttf",
          "digest": "sha256:0f28ec7cc2cb315734d4f30a4b923a88b7aba3532186e07f4c7e52705c0159e9"
        },
        {
          "path": "canvas-fonts/IBMPlexSerif-BoldItalic.ttf",
          "digest": "sha256:b7e4aee16db0d322c3fc939c7564c62dba3c569d83adf2c09c4df8cccfb32587"
        },
        {
          "path": "canvas-fonts/IBMPlexSerif-Italic.ttf",
          "digest": "sha256:cff0268b447423d31dc3abfcd52da2d65e620e57ce7f8f0cf5e496c51596580f"
        },
        {
          "path": "canvas-fonts/IBMPlexSerif-Regular.ttf",
          "digest": "sha256:17cefefa424476177eaab7d5cafe22d8148b62c38929d655674070f085160e94"
        },
        {
          "path": "canvas-fonts/InstrumentSans-Bold.ttf",
          "digest": "sha256:592fb16d39e088859309a54e7f1bce3ed97c53d9e0e9193246dc033730f3abdf"
        },
        {
          "path": "canvas-fonts/InstrumentSans-BoldItalic.ttf",
          "digest": "sha256:8348d01368e8594c28d1a531e63a5f18d3a818bf186fc09e571015a23773f98a"
        },
        {
          "path": "canvas-fonts/InstrumentSans-Italic.ttf",
          "digest": "sha256:64558661e0e327327ece5a94b6cbf2235867b7cc9a8f8047fedf82eaf1e23b3c"
        },
        {
          "path": "canvas-fonts/InstrumentSans-OFL.txt",
          "digest": "sha256:a79790d899a078b8cdb2170a485446db663d4b11affa2b782a3ec948ad40cd46"
        },
        {
          "path": "canvas-fonts/InstrumentSans-Regular.ttf",
          "digest": "sha256:d8065620c09a15d85ef6d303a920b3cc88ac90eaadbac7b5e5ca17d9891e829d"
        },
        {
          "path": "canvas-fonts/InstrumentSerif-Italic.ttf",
          "digest": "sha256:220a23c038973ec6f3f32ddf3762da1a975305bfbf79356974ec82c252e403db"
        },
        {
          "path": "canvas-fonts/InstrumentSerif-Regular.ttf",
          "digest": "sha256:6cecc78ad04cb835ed010497578616b975001eaffbf77ad3fd9128d29b68f5f0"
        },
        {
          "path": "canvas-fonts/Italiana-OFL.txt",
          "digest": "sha256:2d04b9194403ef976f2e41098ec8c0432ad3e45d070115a527cb08d5a7a8c194"
        },
        {
          "path": "canvas-fonts/Italiana-Regular.ttf",
          "digest": "sha256:9109440092f9b02f7740a769f39fe095e79dd1d89bf5d1a771441b705b8f7523"
        },
        {
          "path": "canvas-fonts/JetBrainsMono-Bold.ttf",
          "digest": "sha256:343ddd452302b1deb32ae1497662e938869caa043ec5f19444e25a583580bd6a"
        },
        {
          "path": "canvas-fonts/JetBrainsMono-OFL.txt",
          "digest": "sha256:f6eb1ae7d7a61029a8392463ee62b484d808f83a8f743764c28642db063e5deb"
        },
        {
          "path": "canvas-fonts/JetBrainsMono-Regular.ttf",
          "digest": "sha256:b08691c197d4735f16ad8494e0bc4e15028851ac088fea1f767919dd17767dd5"
        },
        {
          "path": "canvas-fonts/Jura-Light.ttf",
          "digest": "sha256:a95ac6eb7f79371263ab9f0721e276cad07547a389ef97ac7bf877cc5dc347df"
        },
        {
          "path": "canvas-fonts/Jura-Medium.ttf",
          "digest": "sha256:103c72b7304742497bf099cf50dab3f165e05d6148a8e2497b68ea2d6cb37cb0"
        },
        {
          "path": "canvas-fonts/Jura-OFL.txt",
          "digest": "sha256:2367a1a74e590139e972b504f63e95bc29185dcf9eb1cbe225b86e892e55348e"
        },
        {
          "path": "canvas-fonts/LibreBaskerville-OFL.txt",
          "digest": "sha256:b90c556bc6132e849afcd401b305aeb82bd082c102e99da22681ac52a8cc6653"
        },
        {
          "path": "canvas-fonts/LibreBaskerville-Regular.ttf",
          "digest": "sha256:e1fcc29fc4bce64efbfadad4de7944c65f740d800f9c38b85f84d8dc3eba47fa"
        },
        {
          "path": "canvas-fonts/Lora-Bold.ttf",
          "digest": "sha256:fe3bef7ff7a47295c3ca59ee78919be012b75ff9dfbd1e13a32528db71396ca5"
        },
        {
          "path": "canvas-fonts/Lora-BoldItalic.ttf",
          "digest": "sha256:490e328c46e7da94b486fe9b97c6e0c5687a7436d102c38c2206b5ef172e56f2"
        },
        {
          "path": "canvas-fonts/Lora-Italic.ttf",
          "digest": "sha256:775018dcf782f4c634e933d2976f9102fd5d4ec200b3e52976f76a9d5ecf127a"
        },
        {
          "path": "canvas-fonts/Lora-OFL.txt",
          "digest": "sha256:38c6921f57627673f34215df3178b516c9b26f2a62f5fd846254cbcfbd4ce455"
        },
        {
          "path": "canvas-fonts/Lora-Regular.ttf",
          "digest": "sha256:9c1ab4a81ee5780da7f43bd7f0295975d09527763a54d5c0b7bbee1f8373c8c2"
        },
        {
          "path": "canvas-fonts/NationalPark-Bold.ttf",
          "digest": "sha256:c0776e0a6d14b19bff632d02bc2371f6f490058369ded712646450421b53a951"
        },
        {
          "path": "canvas-fonts/NationalPark-OFL.txt",
          "digest": "sha256:d7156dc4f546ca8eed3ecc29ade9c5747537f14852793ddc212854546fa7760d"
        },
        {
          "path": "canvas-fonts/NationalPark-Regular.ttf",
          "digest": "sha256:25536c2bfb6c6e76220060d32dc6253e43de2b82d97a190c7f9c9bd1a89cc889"
        },
        {
          "path": "canvas-fonts/NothingYouCouldDo-OFL.txt",
          "digest": "sha256:88b4614597995680e7797abcfd8d5862db2a318a55f235cba8ba173af5296878"
        },
        {
          "path": "canvas-fonts/NothingYouCouldDo-Regular.ttf",
          "digest": "sha256:e7eddbc0ad6b129de9e3f43eccbbbfc56d621d6dd9c91f3766596cb096568964"
        },
        {
          "path": "canvas-fonts/Outfit-Bold.ttf",
          "digest": "sha256:26377c8ef1a1206026897e6459aacca5c0e470ee6744a22190b91e1f6e56e028"
        },
        {
          "path": "canvas-fonts/Outfit-OFL.txt",
          "digest": "sha256:ff1f4cd68c2fd634ce583b24cfe2a6c3d2dc63bf0cfa24e403bae69ae9cfd4da"
        },
        {
          "path": "canvas-fonts/Outfit-Regular.ttf",
          "digest": "sha256:dea218b50beb684640506c6e2856261007a16e2881bd0808a3de4de56cee2533"
        },
        {
          "path": "canvas-fonts/PixelifySans-Medium.ttf",
          "digest": "sha256:37f3e7781c2d30f258426d348932feb8fcb4d43e62d8f4a737ebcdd05e8a68f2"
        },
        {
          "path": "canvas-fonts/PixelifySans-OFL.txt",
          "digest": "sha256:a62a1b1156aa0c0266b4cec7c28288a63975a86068e2b9fe83f815f71e6aea9a"
        },
        {
          "path": "canvas-fonts/PoiretOne-OFL.txt",
          "digest": "sha256:95f0284e1130a608f36efbd0a95c2af9afd67f387ae92db4bf624611d68bf591"
        },
        {
          "path": "canvas-fonts/PoiretOne-Regular.ttf",
          "digest": "sha256:da641ebdbb5bc90606282e089b4fcda3ca0e7a40923321b5a8717561e0b33e50"
        },
        {
          "path": "canvas-fonts/RedHatMono-Bold.ttf",
          "digest": "sha256:36779e7118347f914b4d714799e90d9c36b1b8f2713a8de49dbe92364195460b"
        },
        {
          "path": "canvas-fonts/RedHatMono-OFL.txt",
          "digest": "sha256:b125a70b978663cb93544202080bdea1a24d32baf21df0821115f01355d6477e"
        },
        {
          "path": "canvas-fonts/RedHatMono-Regular.ttf",
          "digest": "sha256:852192f55211a95d15ad39112040bbdda8e04c09b450956397700f643bc8fd91"
        },
        {
          "path": "canvas-fonts/Silkscreen-OFL.txt",
          "digest": "sha256:47d658d046059b73fbe873a7bd55eac923c677bcf4550b091ca622f487fb74df"
        },
        {
          "path": "canvas-fonts/Silkscreen-Regular.ttf",
          "digest": "sha256:2500d32b4a49609c79ff342f0e2926692b83f0a30c860cd08f96f6c47d25011d"
        },
        {
          "path": "canvas-fonts/SmoochSans-Medium.ttf",
          "digest": "sha256:2a6f83b93ad220984ca088d01b890bb5ba7c2ac8231595f2d670ac59876aa494"
        },
        {
          "path": "canvas-fonts/SmoochSans-OFL.txt",
          "digest": "sha256:f2387f3029cd95f89c73e03c75180dab07225f6713c413658f3f1b7911bc1817"
        },
        {
          "path": "canvas-fonts/Tektur-Medium.ttf",
          "digest": "sha256:84b99ba0333ddf6bcc5c1c3bcfd9feb009ad1d25544b797ed8f099d0266f3638"
        },
        {
          "path": "canvas-fonts/Tektur-OFL.txt",
          "digest": "sha256:82f275fac036182fd90bc90c07cf7355af3db97dc0ea13884f2dfd8a2188c1c4"
        },
        {
          "path": "canvas-fonts/Tektur-Regular.ttf",
          "digest": "sha256:5bd8bade2af536f1507c7bf7bb97a091f13421ebf7d3a46dd483bae745975da1"
        },
        {
          "path": "canvas-fonts/WorkSans-Bold.ttf",
          "digest": "sha256:658eb7a0716fcf22ee1a2122080e4e60375eb733f76fbb358486ea7f3f055bf6"
        },
        {
          "path": "canvas-fonts/WorkSans-BoldItalic.ttf",
          "digest": "sha256:fa988aa32f5de54f8743f5da2f5cf7646d7f67341f5bc2b954516d40ae035406"
        },
        {
          "path": "canvas-fonts/WorkSans-Italic.ttf",
          "digest": "sha256:b93b475252a1e643a8b3c76c432d62380ece949c6fed645e5d3d966f98b84770"
        },
        {
          "path": "canvas-fonts/WorkSans-OFL.txt",
          "digest": "sha256:2010e5edf5e774796a0e94ab3651ed054321d7145ca0884e5bac12e77ac49992"
        },
        {
          "path": "canvas-fonts/WorkSans-Regular.ttf",
          "digest": "sha256:11e3d00a65ae5427a8f15abd616dbb4f30a91b3d6faea18c4261cc13665cd102"
        },
        {
          "path": "canvas-fonts/YoungSerif-OFL.txt",
          "digest": "sha256:e481645f69291baca3bc0eaa9792fb9d81e509df216149ee5528c70fb8a563de"
        },
        {
          "path": "canvas-fonts/YoungSerif-Regular.ttf",
          "digest": "sha256:cc6bff11de02ca6b62b9fe3941427fad4e987ea265b0640b75df5d231d6ec80c"
        }
      ]
    },
    {
      "id": "design-audit",
      "target": "claude-code",
      "path": ".claude/skills/design-audit",
      "files": 1,
      "digest": "sha256:20813823c47944db78b232b1d3dbf7a6986f0b2f49a2502fa593e1adfdcec0b7",
      "inventory": [
        {
          "path": "SKILL.md",
          "digest": "sha256:9bcfc11da1c18b76ca08534893d4f0ac4a4508e934fd32112ee48fa5a141f4c7"
        }
      ]
    },
    {
      "id": "frontend-design",
      "target": "claude-code",
      "path": ".claude/skills/frontend-design",
      "files": 2,
      "digest": "sha256:d225ecdd65e473b1d892f3bfe385e6aa7819d3ec77888912d4f6c961177694b0",
      "inventory": [
        {
          "path": "LICENSE.txt",
          "digest": "sha256:69e5ffbdfb12a745b4c928f6982b42764686fa11f1fb0101e30870762020ca48"
        },
        {
          "path": "SKILL.md",
          "digest": "sha256:11149fcf23e24ffdb6bc4c6d3f0f38d5a4b8373f5b3f3d204c85e5945b4fee39"
        }
      ]
    },
    {
      "id": "frontend-design",
      "target": "codex",
      "path": ".agents/skills/frontend-design",
      "files": 2,
      "digest": "sha256:d225ecdd65e473b1d892f3bfe385e6aa7819d3ec77888912d4f6c961177694b0",
      "inventory": [
        {
          "path": "LICENSE.txt",
          "digest": "sha256:69e5ffbdfb12a745b4c928f6982b42764686fa11f1fb0101e30870762020ca48"
        },
        {
          "path": "SKILL.md",
          "digest": "sha256:11149fcf23e24ffdb6bc4c6d3f0f38d5a4b8373f5b3f3d204c85e5945b4fee39"
        }
      ]
    },
    {
      "id": "theme-factory",
      "target": "claude-code",
      "path": ".claude/skills/theme-factory",
      "files": 13,
      "digest": "sha256:69b9992c80a52ff7a2f080b4aaca77ffaa34a499a61a9eaf608da93a5174dbd4",
      "inventory": [
        {
          "path": "LICENSE.txt",
          "digest": "sha256:377b0307277cbfeaba76db6727348d9b05c659d477a951fe5ba9a4612ad7f242"
        },
        {
          "path": "SKILL.md",
          "digest": "sha256:589df852957c02b2795d555c130270952ae180a5e5857edba0c5e7020fcc3076"
        },
        {
          "path": "theme-showcase.pdf",
          "digest": "sha256:a0c1e8fa4b54d5683d48e24eb4c40a01e647f78d3686e4f6ef9f64cec26b64f5"
        },
        {
          "path": "themes/arctic-frost.md",
          "digest": "sha256:dc1e9d9edc49c9ce1f8db14d2454b02bed2739139c2e9528be43ba605282f67e"
        },
        {
          "path": "themes/botanical-garden.md",
          "digest": "sha256:46231ef7dc68054765615ce8a7eb0cac4c8e5c827dc5d47216eafcb96124a776"
        },
        {
          "path": "themes/desert-rose.md",
          "digest": "sha256:bd0c422052c058e1fd5f2095d6ccaae9561e5fc1e2e04439301bac4944bbf147"
        },
        {
          "path": "themes/forest-canopy.md",
          "digest": "sha256:17834836d78c121ee768438913edfe9787b95ece22e0e49f37a3be5309ee4d8f"
        },
        {
          "path": "themes/golden-hour.md",
          "digest": "sha256:8578f941aaff49586f14445ca799f1d62c16122e55a7760c7af3961ce649d80c"
        },
        {
          "path": "themes/midnight-galaxy.md",
          "digest": "sha256:2e7d5a956bd03b5c1aad56c550d8e46ff06be0651245c4cd4f12a2b322ff23b9"
        },
        {
          "path": "themes/modern-minimalist.md",
          "digest": "sha256:c435118c55727bd1539431de4f4bb21071cb5c69db6347508f123a0639c25215"
        },
        {
          "path": "themes/ocean-depths.md",
          "digest": "sha256:2ffc6aedcaa42bb08633509b0ca8f0bc09fd26f2d2ce3a6949fafcb935b21b0e"
        },
        {
          "path": "themes/sunset-boulevard.md",
          "digest": "sha256:26fd38fb2d56379d42a1b5afd3f98981a4b1c768ee72412385e37cdecc2c63d0"
        },
        {
          "path": "themes/tech-innovation.md",
          "digest": "sha256:b8a67c3da10e61aa648a970f2161e19ce0181d23d22e5771de50e15f62eb579d"
        }
      ]
    },
    {
      "id": "ui-ux-pro-max",
      "target": "claude-code",
      "path": ".claude/skills/ui-ux-pro-max",
      "files": 70,
      "digest": "sha256:1099d4f61a1589b726529b08e0c2b61bb5c20b5680fd183e30ec72ca360512b2",
      "inventory": [
        {
          "path": "SKILL.md",
          "digest": "sha256:f4cbf3b9598b16d1b43fb79c1df4d8fc87d7b1fe28c2d02bc019e71aa4ef4adc"
        },
        {
          "path": "data/app-interface.csv",
          "digest": "sha256:96d61ad012f16a519d17b6c8066734f6691aff984580e2d1ac3201fb7263cbf6"
        },
        {
          "path": "data/catalog-summary.json",
          "digest": "sha256:baf7094f9815d0bca9a269b93dfb340e361c35de02c23b8d3b21bf41bfef9b8a"
        },
        {
          "path": "data/charts.csv",
          "digest": "sha256:07052c5097a40b96049daf3a5150916d9eaf6479ba14a6b7ed79d8d6afbc3735"
        },
        {
          "path": "data/colors.csv",
          "digest": "sha256:b0700c503dc534dfa18ac0344bb5dd03452a70a4840d4b2d54a64472a1733cbe"
        },
        {
          "path": "data/data-provenance.json",
          "digest": "sha256:5ba5a21e229fe483a7836347b516974022b799b94dc17f87b46d44aba0862d68"
        },
        {
          "path": "data/google-font-licenses.json",
          "digest": "sha256:e29282b734cbfc2473595885c7b2e8abd42f794f64e3060a87cfe23b9ad6e0ea"
        },
        {
          "path": "data/google-fonts.csv",
          "digest": "sha256:46149eaf7c1c04ffcfc11151452814b34484d3d0ad33113f64eaaefddb7952cb"
        },
        {
          "path": "data/icons.csv",
          "digest": "sha256:7b6bc9f6b4b7361413fca68ecb3372ad2a7e4cd4d9698f54028f444b50674472"
        },
        {
          "path": "data/landing.csv",
          "digest": "sha256:92844b4a9b09e376417c6f6214a02d57d1d0fe5678f0d5e2c5d9a2fdefab2084"
        },
        {
          "path": "data/motion.csv",
          "digest": "sha256:c8fcb5dd2c0a3b30985c56430031bedecd4689407a92574f57e27a8d501ad050"
        },
        {
          "path": "data/phosphor-icons-upstream.json",
          "digest": "sha256:cb7e8f2194298f5a88f6d84b43ce31539563e17f6408f348fbd10e046216cd93"
        },
        {
          "path": "data/products.csv",
          "digest": "sha256:e24aae97da98d488de087f4b818560a4a1bf1b1a41ddb895dc7cc756f5da135d"
        },
        {
          "path": "data/react-performance.csv",
          "digest": "sha256:0de896fcb1d9e7176a6078985c52ef9ada3be1d0f13db99d8068da41eee2db1e"
        },
        {
          "path": "data/stacks/angular.csv",
          "digest": "sha256:78f27ef57603b2acd2c7c1ad94819941da3755b56cd014b27b97017ec3eceb92"
        },
        {
          "path": "data/stacks/astro.csv",
          "digest": "sha256:7925efb5014904cc2f056ab333cc274803c4f5b1660a09f77cbc9aa0b70ef613"
        },
        {
          "path": "data/stacks/avalonia.csv",
          "digest": "sha256:d3d219ce35c5a27045df8338abde79e3f786eda6c4871b0cd4e819b5f7e60099"
        },
        {
          "path": "data/stacks/flutter.csv",
          "digest": "sha256:bd9724da31d507ff7035dc32a7024d075d79c79494868bdd6e17435aea0f93f2"
        },
        {
          "path": "data/stacks/html-tailwind.csv",
          "digest": "sha256:8cdd448cd9821f8dad6d11307fae7bb4fb6a0c5d06f7385d0b45e66381d9949d"
        },
        {
          "path": "data/stacks/javafx.csv",
          "digest": "sha256:0932bb7025b5ef0233fd15d1b6d0014ceea876bf0f74a11637e006866a9ff7bb"
        },
        {
          "path": "data/stacks/jetpack-compose.csv",
          "digest": "sha256:3f17357f6c70119ebc70fde8e21c4f565742f89edc507702e012fbfd553f129d"
        },
        {
          "path": "data/stacks/laravel.csv",
          "digest": "sha256:6d0501b31bf00b95736605069cb52b52828f9045f36a216763cb594bf1c8c25e"
        },
        {
          "path": "data/stacks/nextjs.csv",
          "digest": "sha256:14317309ffb6a27043ea8d08f8b4a03fb60db10fe46f8618408d95bd59a107d5"
        },
        {
          "path": "data/stacks/nuxt-ui.csv",
          "digest": "sha256:17c32ba4b92409935b6d5b40f969c9512f03b504a8ff3e7e861869ab9b2cb18c"
        },
        {
          "path": "data/stacks/nuxtjs.csv",
          "digest": "sha256:c8f0c62c945a1984d7c2577dcefcc54eb7c57fa84f4b95c6d37f7658089b2ed0"
        },
        {
          "path": "data/stacks/react-native.csv",
          "digest": "sha256:536391e30591ce41a29499e8a4730c4354ae61ed4a677acefbf34809b36c91c3"
        },
        {
          "path": "data/stacks/react.csv",
          "digest": "sha256:b612d35d1cf5779e90209cf2535436a49d68e7e216e6769e0390f4f96f25bc2f"
        },
        {
          "path": "data/stacks/shadcn.csv",
          "digest": "sha256:610b4cba3a355521212113900a9dd9a0f62ac144ff6789280268bc8381928842"
        },
        {
          "path": "data/stacks/svelte.csv",
          "digest": "sha256:962ae94b33d06575f1c0f335b67e0c5c5e8b5e6b19f5c087170a69c4c6f203b2"
        },
        {
          "path": "data/stacks/swiftui.csv",
          "digest": "sha256:24f31046c9c730c415c9f37178f0a939c35c483778f4b69345b468972704efa3"
        },
        {
          "path": "data/stacks/threejs.csv",
          "digest": "sha256:f5a01a3d15f3eaff54e83aab211ba9b816c3803013fe43554a34764c4f9d330f"
        },
        {
          "path": "data/stacks/uno.csv",
          "digest": "sha256:dc44692252588896bc1d98f5df38c445105ce213d047a94ee04ef7f9bc342b46"
        },
        {
          "path": "data/stacks/uwp.csv",
          "digest": "sha256:bdf1e6cb0c0c2a0bd3b8917f5052de15b9bcbaccb66ca6bfeb79e3b2c419a048"
        },
        {
          "path": "data/stacks/vue.csv",
          "digest": "sha256:9314dd0faafff233a6934275734b9fc07da7296643a6879c17e21a9b882aaad9"
        },
        {
          "path": "data/stacks/winui.csv",
          "digest": "sha256:ab80952f4c55956afdf48c1001eb328ff0afae2c20b09c778e988a412eceb354"
        },
        {
          "path": "data/stacks/wpf.csv",
          "digest": "sha256:189fbc6f7ffa44e640e97824897825d17c4fa2f53e0ceff56206fc1b344156fe"
        },
        {
          "path": "data/styles.csv",
          "digest": "sha256:0526fdcb4089cf77e6974a687174f9bfc01ddf39c493b817f76b9aaae3c0c6dd"
        },
        {
          "path": "data/typography.csv",
          "digest": "sha256:802d1da50560d34404c83a0d5a8ff37a3e328e9821ada6367401116843f86565"
        },
        {
          "path": "data/ui-reasoning.csv",
          "digest": "sha256:475cb5bb5ca11f3750a03a8411ff75a3dcdb9ead2bb9643afe2bf314864aa69a"
        },
        {
          "path": "data/ux-guidelines.csv",
          "digest": "sha256:5ab037add7af26ddf4f948c5c0dbf2fa19635b55826d5f37bb4f943dd3e87a3b"
        },
        {
          "path": "references/pro-rules.md",
          "digest": "sha256:5f512626eab03be91318f2cef384985456ce2a542694b8316bcf2a84c66e586a"
        },
        {
          "path": "references/quick-reference.md",
          "digest": "sha256:52caee5d88426425696db7fdfbcffe5b8b3dc7ebaedb22cd444530933b48c37f"
        },
        {
          "path": "scripts/core.py",
          "digest": "sha256:0098b59532ba09d5892992d1b70d87c311225f61a3769b1e6ccb9126878b8a97"
        },
        {
          "path": "scripts/design_system.py",
          "digest": "sha256:a8a2ee7ddd023f4f6206f9dfafb210346e385084d174f5b8b3978966a6ce87ca"
        },
        {
          "path": "scripts/reasoning_contract.py",
          "digest": "sha256:461516f2ae627d986b2712ae828739da679d676d57e0e3555854767890a518b4"
        },
        {
          "path": "scripts/search.py",
          "digest": "sha256:02b4c45bece15b67c81a74becb53c5763545d3a94d161c7d4c7c3c7733fd62aa"
        },
        {
          "path": "scripts/tests/fixtures/catalogs/google-api.json",
          "digest": "sha256:2116931f2df00823dc4741584a1ef114a82b96160a987b4bfa62ee03b726f4d4"
        },
        {
          "path": "scripts/tests/fixtures/catalogs/google-catalog.json",
          "digest": "sha256:9cb012d2bbac1c4869b56188996ca291241c252dc757c44261af808a43b4649a"
        },
        {
          "path": "scripts/tests/fixtures/catalogs/google-existing.csv",
          "digest": "sha256:ec4ac2b1f18ca1a73d4b6dfee7c5681a82b2e75f65ea6ae45f0f959a1dcdee67"
        },
        {
          "path": "scripts/tests/fixtures/catalogs/google-metadata.json",
          "digest": "sha256:f30f7ae773a79f3298c6d43c9131fbef94e7cf34fb3b4a56e0b532012971672c"
        },
        {
          "path": "scripts/tests/fixtures/catalogs/google-overrides.json",
          "digest": "sha256:0ebbd02bf4ed5a452f02d7afc65bbd2e2c85f9fa6083b093a9cffb1f97e48b91"
        },
        {
          "path": "scripts/tests/fixtures/catalogs/icons-curated.csv",
          "digest": "sha256:951e7db28dc451df3c7059d0ebbed4fbca2774431c3c696a960e6bf9cd43df11"
        },
        {
          "path": "scripts/tests/fixtures/catalogs/phosphor-core.json",
          "digest": "sha256:d4925780edbc784b7b4dc1278a7fea6ecd7b8d6ef3f704e6302002a2e86e4a18"
        },
        {
          "path": "scripts/tests/fixtures/catalogs/phosphor-package.json",
          "digest": "sha256:d2fb3f45882d8def56f8498ddbe8203bf5e6da2136f6b958433ae39e5802449e"
        },
        {
          "path": "scripts/tests/fixtures/catalogs/phosphor-react-exports.json",
          "digest": "sha256:a4459487a86ac6373f0e5fe0ab93fd983b923ffbe459b1096afeae05704d26b2"
        },
        {
          "path": "scripts/tests/fixtures/catalogs/phosphor-react-package.json",
          "digest": "sha256:3cbb79de58981c2c9c761e53819389a88e2d33bb8e846ee10db73b2c1e4a4083"
        },
        {
          "path": "scripts/tests/fixtures/relevance-baseline.json",
          "digest": "sha256:7ebfee2b26233e99e765831809b6f2a3c155016e3858556bcb872383ad745746"
        },
        {
          "path": "scripts/tests/fixtures/relevance-cases.json",
          "digest": "sha256:8226cf611def69d6c68b75a5506d58894b551a9ce07fb153e4339af603e4de6b"
        },
        {
          "path": "scripts/tests/fixtures/relevance-thresholds.json",
          "digest": "sha256:1bcc7e8c648c9be47c2a49b98e86526b7117f3091ef4e13389f5a91de9abb0b2"
        },
        {
          "path": "scripts/tests/test_catalog_refresh.py",
          "digest": "sha256:802360c130b75651c7adaff7992d879fadcc9001c73d6acc8034f47f6a8e93ee"
        },
        {
          "path": "scripts/tests/test_core.py",
          "digest": "sha256:28385e0f924cc5e8f4b7366979bd2d3fddc354806cdf5e587d2232dcdfe53cc2"
        },
        {
          "path": "scripts/tests/test_core_data_quality.py",
          "digest": "sha256:db3d91674d26529a07edb87c378b6f929b10315a70bd125434a6c8ef69568721"
        },
        {
          "path": "scripts/tests/test_data_contracts.py",
          "digest": "sha256:418ea6623c4ad9bef9053fb2fca2e6cf6ae72fac706f022560242cedfbbfbe8f"
        },
        {
          "path": "scripts/tests/test_design_system_mode.py",
          "digest": "sha256:d181ee634a5fbf87a5c326076810f3fb1a130592e3370e948ea58fbf7c58c32f"
        },
        {
          "path": "scripts/tests/test_native_desktop_stack_freshness.py",
          "digest": "sha256:1e95f4d06a09a118b91f5a7b73e97c8964efc8ce4cd6148ef8c82c2f542f2f0f"
        },
        {
          "path": "scripts/tests/test_relevance_evaluator.py",
          "digest": "sha256:10a35b61cb3ccafc68f5cb1ca643779df3b396ae92f15d57e412a0d658828e40"
        },
        {
          "path": "scripts/tests/test_style_taxonomy.py",
          "digest": "sha256:cea400a5cb23e42f367eb72ba24580051d466aab1d25addf45ee004e588c8a8f"
        },
        {
          "path": "scripts/tests/test_text_layout_resilience.py",
          "digest": "sha256:96843d94a5f233e18edbfd7e227c4f00eaaf853e2cc442cc0544b5779b81f5df"
        },
        {
          "path": "scripts/tests/test_web_stack_freshness.py",
          "digest": "sha256:3a70829a7e42508e11a173e0d628f501d7687eb6b037a28df565223e19096583"
        },
        {
          "path": "scripts/validate_data.py",
          "digest": "sha256:39698d53b13f3edbceb43020b7a339e6562164fb1a77ac9e7eceee418f472922"
        }
      ]
    },
    {
      "id": "web-artifacts-builder",
      "target": "claude-code",
      "path": ".claude/skills/web-artifacts-builder",
      "files": 5,
      "digest": "sha256:2dffe0751d3b7b7c06637ce8b6c287aedd9b0f9f32acc5f14f105ff1c9cad844",
      "inventory": [
        {
          "path": "LICENSE.txt",
          "digest": "sha256:377b0307277cbfeaba76db6727348d9b05c659d477a951fe5ba9a4612ad7f242"
        },
        {
          "path": "SKILL.md",
          "digest": "sha256:89c8742c459c2afc51f66a64f3e2938749ef6025aa13b5374adce98090fabe51"
        },
        {
          "path": "scripts/bundle-artifact.sh",
          "digest": "sha256:910d274400886e68d0cc25b530551df88d4b6d3a46dd3abce48d81baf1bba22e"
        },
        {
          "path": "scripts/init-artifact.sh",
          "digest": "sha256:0a34615ed20775de73f2b9af387e2a4b419962de3ba2330271ffada0c7592aa8"
        },
        {
          "path": "scripts/shadcn-components.tar.gz",
          "digest": "sha256:83a5a447302bd91873fcb201afe8ddd375968ce55acff9f78687b5b067ce72ff"
        }
      ]
    },
    {
      "id": "webapp-testing",
      "target": "claude-code",
      "path": ".claude/skills/webapp-testing",
      "files": 6,
      "digest": "sha256:48b318488e2fbcd02d51c61208bec76b553db24250cd99c6e7d860f0b1307f18",
      "inventory": [
        {
          "path": "LICENSE.txt",
          "digest": "sha256:377b0307277cbfeaba76db6727348d9b05c659d477a951fe5ba9a4612ad7f242"
        },
        {
          "path": "SKILL.md",
          "digest": "sha256:ef9df2f4a274af7688319b67d57d97958c84f81af723f62ef84168d413cbc450"
        },
        {
          "path": "examples/console_logging.py",
          "digest": "sha256:0679d0d6f2d4c7c785f723ad0170fcac0cfdbd43c73b7c9dc718eebb4c08f8d8"
        },
        {
          "path": "examples/element_discovery.py",
          "digest": "sha256:45e724829d14b6f3d473d9db34082acdd5a9b14c35e0975f12e0d9aeffb1b98a"
        },
        {
          "path": "examples/static_html_automation.py",
          "digest": "sha256:4a39587cf7140cd38908554088a57c8d0d5b2ad87611aec49cdcd1c853d0a153"
        },
        {
          "path": "scripts/with_server.py",
          "digest": "sha256:166200f3ddee64827ca00bc1168f0c2027c36ab5852d4a3ad90378fea74877ab"
        }
      ]
    },
    {
      "id": "webapp-testing",
      "target": "codex",
      "path": ".agents/skills/webapp-testing",
      "files": 6,
      "digest": "sha256:48b318488e2fbcd02d51c61208bec76b553db24250cd99c6e7d860f0b1307f18",
      "inventory": [
        {
          "path": "LICENSE.txt",
          "digest": "sha256:377b0307277cbfeaba76db6727348d9b05c659d477a951fe5ba9a4612ad7f242"
        },
        {
          "path": "SKILL.md",
          "digest": "sha256:ef9df2f4a274af7688319b67d57d97958c84f81af723f62ef84168d413cbc450"
        },
        {
          "path": "examples/console_logging.py",
          "digest": "sha256:0679d0d6f2d4c7c785f723ad0170fcac0cfdbd43c73b7c9dc718eebb4c08f8d8"
        },
        {
          "path": "examples/element_discovery.py",
          "digest": "sha256:45e724829d14b6f3d473d9db34082acdd5a9b14c35e0975f12e0d9aeffb1b98a"
        },
        {
          "path": "examples/static_html_automation.py",
          "digest": "sha256:4a39587cf7140cd38908554088a57c8d0d5b2ad87611aec49cdcd1c853d0a153"
        },
        {
          "path": "scripts/with_server.py",
          "digest": "sha256:166200f3ddee64827ca00bc1168f0c2027c36ab5852d4a3ad90378fea74877ab"
        }
      ]
    }
  ]
}
